
Microsoft Visual Studio Solution File, Format Version 12.00
# Visual Studio Version 17
VisualStudioVersion = 17.1.32328.378
MinimumVisualStudioVersion = 10.0.40219.1
Project("{FAE04EC0-301F-11D3-BF4B-00C04F79EFBC}") = "Bankir_CurrencyExchangeAccounting", "Bankir_CurrencyExchangeAccounting.csproj", "{1016CB67-E0EC-4235-9095-8FD46B221BBF}"
EndProject
Global
	GlobalSection(SolutionConfigurationPlatforms) = preSolution
		Debug|Any CPU = Debug|Any CPU
		Release|Any CPU = Release|Any CPU
	EndGlobalSection
	GlobalSection(ProjectConfigurationPlatforms) = postSolution
		{1016CB67-E0EC-4235-9095-8FD46B221BBF}.Debug|Any CPU.ActiveCfg = Debug|Any CPU
		{1016CB67-E0EC-4235-9095-8FD46B221BBF}.Debug|Any CPU.Build.0 = Debug|Any CPU
		{1016CB67-E0EC-4235-9095-8FD46B221BBF}.Release|Any CPU.ActiveCfg = Release|Any CPU
		{1016CB67-E0EC-4235-9095-8FD46B221BBF}.Release|Any CPU.Build.0 = Release|Any CPU
	EndGlobalSection
	GlobalSection(SolutionProperties) = preSolution
		HideSolutionNode = FALSE
	EndGlobalSection
	GlobalSection(ExtensibilityGlobals) = postSolution
		SolutionGuid = {8BA69C3B-B351-4240-AF15-6D5BD24C3361}
	EndGlobalSection
EndGlobal
